
Microsoft Visual Studio Solution File, Format Version 12.00
# Visual Studio Version 17
VisualStudioVersion = 17.8.34408.163
MinimumVisualStudioVersion = 10.0.40219.1
Project("{FAE04EC0-301F-11D3-BF4B-00C04F79EFBC}") = "atividade1", "atividade1\atividade1.csproj", "{E48B1991-A253-4993-A0E0-76E19B028CB8}"
EndProject
Global
	GlobalSection(SolutionConfigurationPlatforms) = preSolution
		Debug|Any CPU = Debug|Any CPU
		Release|Any CPU = Release|Any CPU
	EndGlobalSection
	GlobalSection(ProjectConfigurationPlatforms) = postSolution
		{E48B1991-A253-4993-A0E0-76E19B028CB8}.Debug|Any CPU.ActiveCfg = Debug|Any CPU
		{E48B1991-A253-4993-A0E0-76E19B028CB8}.Debug|Any CPU.Build.0 = Debug|Any CPU
		{E48B1991-A253-4993-A0E0-76E19B028CB8}.Release|Any CPU.ActiveCfg = Release|Any CPU
		{E48B1991-A253-4993-A0E0-76E19B028CB8}.Release|Any CPU.Build.0 = Release|Any CPU
	EndGlobalSection
	GlobalSection(SolutionProperties) = preSolution
		HideSolutionNode = FALSE
	EndGlobalSection
	GlobalSection(ExtensibilityGlobals) = postSolution
		SolutionGuid = {EF14DB99-3231-4B09-8246-A0C00D143C0F}
	EndGlobalSection
EndGlobal
